
Microsoft Visual Studio Solution File, Format Version 12.00
# Visual Studio Version 16
VisualStudioVersion = 16.0.30225.117
MinimumVisualStudioVersion = 10.0.40219.1
Project("{FAE04EC0-301F-11D3-BF4B-00C04F79EFBC}") = "MarsRover", "MarsRover\MarsRover.csproj", "{5AE77A2A-800D-4103-B778-94358248A055}"
EndProject
Project("{FAE04EC0-301F-11D3-BF4B-00C04F79EFBC}") = "MarsRoverUnitTest", "MarsRoverUnitTest\MarsRoverUnitTest.csproj", "{E1D1F4EC-6F7E-4F25-ABC1-9959F0ED892F}"
EndProject
Global
	GlobalSection(SolutionConfigurationPlatforms) = preSolution
		Debug|Any CPU = Debug|Any CPU
		Release|Any CPU = Release|Any CPU
	EndGlobalSection
	GlobalSection(ProjectConfigurationPlatforms) = postSolution
		{5AE77A2A-800D-4103-B778-94358248A055}.Debug|Any CPU.ActiveCfg = Debug|Any CPU
		{5AE77A2A-800D-4103-B778-94358248A055}.Debug|Any CPU.Build.0 = Debug|Any CPU
		{5AE77A2A-800D-4103-B778-94358248A055}.Release|Any CPU.ActiveCfg = Release|Any CPU
		{5AE77A2A-800D-4103-B778-94358248A055}.Release|Any CPU.Build.0 = Release|Any CPU
		{E1D1F4EC-6F7E-4F25-ABC1-9959F0ED892F}.Debug|Any CPU.ActiveCfg = Debug|Any CPU
		{E1D1F4EC-6F7E-4F25-ABC1-9959F0ED892F}.Debug|Any CPU.Build.0 = Debug|Any CPU
		{E1D1F4EC-6F7E-4F25-ABC1-9959F0ED892F}.Release|Any CPU.ActiveCfg = Release|Any CPU
		{E1D1F4EC-6F7E-4F25-ABC1-9959F0ED892F}.Release|Any CPU.Build.0 = Release|Any CPU
	EndGlobalSection
	GlobalSection(SolutionProperties) = preSolution
		HideSolutionNode = FALSE
	EndGlobalSection
	GlobalSection(ExtensibilityGlobals) = postSolution
		SolutionGuid = {E1E86B3C-8A9F-491A-9BAF-8AF156319DCF}
	EndGlobalSection
EndGlobal
